
Microsoft Visual Studio Solution File, Format Version 12.00
# TcXaeShell Solution File, Format Version 11.00
VisualStudioVersion = 15.0.33403.129
MinimumVisualStudioVersion = 10.0.40219.1
Project("{FE7A1B72-C5B7-4D7C-BB7D-76384D4DE8E1}") = "Test_indicator", "Test_indicator\Test_indicator.hmiproj", "{12E4C5CF-7D56-4BDD-892B-C5180E7AFFBB}"
EndProject
Global
	GlobalSection(SolutionConfigurationPlatforms) = preSolution
		Debug|TwinCAT HMI = Debug|TwinCAT HMI
		Release|TwinCAT HMI = Release|TwinCAT HMI
	EndGlobalSection
	GlobalSection(ProjectConfigurationPlatforms) = postSolution
		{12E4C5CF-7D56-4BDD-892B-C5180E7AFFBB}.Debug|TwinCAT HMI.ActiveCfg = Debug|TwinCAT HMI
		{12E4C5CF-7D56-4BDD-892B-C5180E7AFFBB}.Debug|TwinCAT HMI.Build.0 = Debug|TwinCAT HMI
		{12E4C5CF-7D56-4BDD-892B-C5180E7AFFBB}.Release|TwinCAT HMI.ActiveCfg = Release|TwinCAT HMI
		{12E4C5CF-7D56-4BDD-892B-C5180E7AFFBB}.Release|TwinCAT HMI.Build.0 = Release|TwinCAT HMI
	EndGlobalSection
	GlobalSection(SolutionProperties) = preSolution
		HideSolutionNode = FALSE
	EndGlobalSection
	GlobalSection(ExtensibilityGlobals) = postSolution
		SolutionGuid = {5C9D4E55-93E5-45F0-BFCD-98BD099D05BB}
	EndGlobalSection
EndGlobal
